// !$*UTF8*$!
{
	archiveVersion = 1;
	classes = {
	};
	objectVersion = 55;
	objects = {

/* Begin PBXBuildFile section */
		02C1B6BA27A268F4002D599D /* LimitTimerTestApp.swift in Sources */ = {isa = PBXBuildFile; fileRef = 02C1B6B927A268F4002D599D /* LimitTimerTestApp.swift */; };
		02C1B6BC27A268F4002D599D /* LimitTimerView.swift in Sources */ = {isa = PBXBuildFile; fileRef = 02C1B6BB27A268F4002D599D /* LimitTimerView.swift */; };
		02C1B6BE27A268F6002D599D /* Assets.xcassets in Resources */ = {isa = PBXBuildFile; fileRef = 02C1B6BD27A268F6002D599D /* Assets.xcassets */; };
		02C1B6C127A268F6002D599D /* Preview Assets.xcassets in Resources */ = {isa = PBXBuildFile; fileRef = 02C1B6C027A268F6002D599D /* Preview Assets.xcassets */; };
		02C1B6CB27A268F6002D599D /* LimitTimerTestTests.swift in Sources */ = {isa = PBXBuildFile; fileRef = 02C1B6CA27A268F6002D599D /* LimitTimerTestTests.swift */; };
		02C1B6D527A268F6002D599D /* LimitTimerTestUITests.swift in Sources */ = {isa = PBXBuildFile; fileRef = 02C1B6D427A268F6002D599D /* LimitTimerTestUITests.swift */; };
		02C1B6D727A268F6002D599D /* LimitTimerTestUITestsLaunchTests.swift in Sources */ = {isa = PBXBuildFile; fileRef = 02C1B6D627A268F6002D599D /* LimitTimerTestUITestsLaunchTests.swift */; };
		02C1B6E427A26911002D599D /* LimitTimerModel.swift in Sources */ = {isa = PBXBuildFile; fileRef = 02C1B6E327A26911002D599D /* LimitTimerModel.swift */; };
/* End PBXBuildFile section */

/* Begin PBXContainerItemProxy section */
		02C1B6C727A268F6002D599D /* PBXContainerItemProxy */ = {
			isa = PBXContainerItemProxy;
			containerPortal = 02C1B6AE27A268F4002D599D /* Project object */;
			proxyType = 1;
			remoteGlobalIDString = 02C1B6B527A268F4002D599D;
			remoteInfo = LimitTimerTest;
		};
		02C1B6D127A268F6002D599D /* PBXContainerItemProxy */ = {
			isa = PBXContainerItemProxy;
			containerPortal = 02C1B6AE27A268F4002D599D /* Project object */;
			proxyType = 1;
			remoteGlobalIDString = 02C1B6B527A268F4002D599D;
			remoteInfo = LimitTimerTest;
		};
/* End PBXContainerItemProxy section */

/* Begin PBXFileReference section */
		02C1B6B627A268F4002D599D /* LimitTimerTest.app */ = {isa = PBXFileReference; explicitFileType = wrapper.application; includeInIndex = 0; path = LimitTimerTest.app; sourceTree = BUILT_PRODUCTS_DIR; };
		02C1B6B927A268F4002D599D /* LimitTimerTestApp.swift */ = {isa = PBXFileReference; lastKnownFileType = sourcecode.swift; path = LimitTimerTestApp.swift; sourceTree = "<group>"; };
		02C1B6BB27A268F4002D599D /* LimitTimerView.swift */ = {isa = PBXFileReference; lastKnownFileType = sourcecode.swift; path = LimitTimerView.swift; sourceTree = "<group>"; };
		02C1B6BD27A268F6002D599D /* Assets.xcassets */ = {isa = PBXFileReference; lastKnownFileType = folder.assetcatalog; path = Assets.xcassets; sourceTree = "<group>"; };
		02C1B6C027A268F6002D599D /* Preview Assets.xcassets */ = {isa = PBXFileReference; lastKnownFileType = folder.assetcatalog; path = "Preview Assets.xcassets"; sourceTree = "<group>"; };
		02C1B6C627A268F6002D599D /* LimitTimerTestTests.xctest */ = {isa = PBXFileReference; explicitFileType = wrapper.cfbundle; includeInIndex = 0; path = LimitTimerTestTests.xctest; sourceTree = BUILT_PRODUCTS_DIR; };
		02C1B6CA27A268F6002D599D /* LimitTimerTestTests.swift */ = {isa = PBXFileReference; lastKnownFileType = sourcecode.swift; path = LimitTimerTestTests.swift; sourceTree = "<group>"; };
		02C1B6D027A268F6002D599D /* LimitTimerTestUITests.xctest */ = {isa = PBXFileReference; explicitFileType = wrapper.cfbundle; includeInIndex = 0; path = LimitTimerTestUITests.xctest; sourceTree = BUILT_PRODUCTS_DIR; };
		02C1B6D427A268F6002D599D /* LimitTimerTestUITests.swift */ = {isa = PBXFileReference; lastKnownFileType = sourcecode.swift; path = LimitTimerTestUITests.swift; sourceTree = "<group>"; };
		02C1B6D627A268F6002D599D /* LimitTimerTestUITestsLaunchTests.swift */ = {isa = PBXFileReference; lastKnownFileType = sourcecode.swift; path = LimitTimerTestUITestsLaunchTests.swift; sourceTree = "<group>"; };
		02C1B6E327A26911002D599D /* LimitTimerModel.swift */ = {isa = PBXFileReference; lastKnownFileType = sourcecode.swift; path = LimitTimerModel.swift; sourceTree = "<group>"; };
/* End PBXFileReference section */

/* Begin PBXFrameworksBuildPhase section */
		02C1B6B327A268F4002D599D /* Frameworks */ = {
			isa = PBXFrameworksBuildPhase;
			buildActionMask = 2147483647;
			files = (
			);
			runOnlyForDeploymentPostprocessing = 0;
		};
		02C1B6C327A268F6002D599D /* Frameworks */ = {
			isa = PBXFrameworksBuildPhase;
			buildActionMask = 2147483647;
			files = (
			);
			runOnlyForDeploymentPostprocessing = 0;
		};
		02C1B6CD27A268F6002D599D /* Frameworks */ = {
			isa = PBXFrameworksBuildPhase;
			buildActionMask = 2147483647;
			files = (
			);
			runOnlyForDeploymentPostprocessing = 0;
		};
/* End PBXFrameworksBuildPhase section */

/* Begin PBXGroup section */
		02C1B6AD27A268F4002D599D = {
			isa = PBXGroup;
			children = (
				02C1B6B827A268F4002D599D /* LimitTimerTest */,
				02C1B6C927A268F6002D599D /* LimitTimerTestTests */,
				02C1B6D327A268F6002D599D /* LimitTimerTestUITests */,
				02C1B6B727A268F4002D599D /* Products */,
			);
			sourceTree = "<group>";
		};
		02C1B6B727A268F4002D599D /* Products */ = {
			isa = PBXGroup;
			children = (
				02C1B6B627A268F4002D599D /* LimitTimerTest.app */,
				02C1B6C627A268F6002D599D /* LimitTimerTestTests.xctest */,
				02C1B6D027A268F6002D599D /* LimitTimerTestUITests.xctest */,
			);
			name = Products;
			sourceTree = "<group>";
		};
		02C1B6B827A268F4002D599D /* LimitTimerTest */ = {
			isa = PBXGroup;
			children = (
				02C1B6B927A268F4002D599D /* LimitTimerTestApp.swift */,
				02C1B6BB27A268F4002D599D /* LimitTimerView.swift */,
				02C1B6BD27A268F6002D599D /* Assets.xcassets */,
				02C1B6BF27A268F6002D599D /* Preview Content */,
				02C1B6E327A26911002D599D /* LimitTimerModel.swift */,
			);
			path = LimitTimerTest;
			sourceTree = "<group>";
		};
		02C1B6BF27A268F6002D599D /* Preview Content */ = {
			isa = PBXGroup;
			children = (
				02C1B6C027A268F6002D599D /* Preview Assets.xcassets */,
			);
			path = "Preview Content";
			sourceTree = "<group>";
		};
		02C1B6C927A268F6002D599D /* LimitTimerTestTests */ = {
			isa = PBXGroup;
			children = (
				02C1B6CA27A268F6002D599D /* LimitTimerTestTests.swift */,
			);
			path = LimitTimerTestTests;
			sourceTree = "<group>";
		};
		02C1B6D327A268F6002D599D /* LimitTimerTestUITests */ = {
			isa = PBXGroup;
			children = (
				02C1B6D427A268F6002D599D /* LimitTimerTestUITests.swift */,
				02C1B6D627A268F6002D599D /* LimitTimerTestUITestsLaunchTests.swift */,
			);
			path = LimitTimerTestUITests;
			sourceTree = "<group>";
		};
/* End PBXGroup section */

/* Begin PBXNativeTarget section */
		02C1B6B527A268F4002D599D /* LimitTimerTest */ = {
			isa = PBXNativeTarget;
			buildConfigurationList = 02C1B6DA27A268F6002D599D /* Build configuration list for PBXNativeTarget "LimitTimerTest" */;
			buildPhases = (
				02C1B6B227A268F4002D599D /* Sources */,
				02C1B6B327A268F4002D599D /* Frameworks */,
				02C1B6B427A268F4002D599D /* Resources */,
			);
			buildRules = (
			);
			dependencies = (
			);
			name = LimitTimerTest;
			productName = LimitTimerTest;
			productReference = 02C1B6B627A268F4002D599D /* LimitTimerTest.app */;
			productType = "com.apple.product-type.application";
		};
		02C1B6C527A268F6002D599D /* LimitTimerTestTests */ = {
			isa = PBXNativeTarget;
			buildConfigurationList = 02C1B6DD27A268F6002D599D /* Build configuration list for PBXNativeTarget "LimitTimerTestTests" */;
			buildPhases = (
				02C1B6C227A268F6002D599D /* Sources */,
				02C1B6C327A268F6002D599D /* Frameworks */,
				02C1B6C427A268F6002D599D /* Resources */,
			);
			buildRules = (
			);
			dependencies = (
				02C1B6C827A268F6002D599D /* PBXTargetDependency */,
			);
			name = LimitTimerTestTests;
			productName = LimitTimerTestTests;
			productReference = 02C1B6C627A268F6002D599D /* LimitTimerTestTests.xctest */;
			productType = "com.apple.product-type.bundle.unit-test";
		};
		02C1B6CF27A268F6002D599D /* LimitTimerTestUITests */ = {
			isa = PBXNativeTarget;
			buildConfigurationList = 02C1B6E027A268F6002D599D /* Build configuration list for PBXNativeTarget "LimitTimerTestUITests" */;
			buildPhases = (
				02C1B6CC27A268F6002D599D /* Sources */,
				02C1B6CD27A268F6002D599D /* Frameworks */,
				02C1B6CE27A268F6002D599D /* Resources */,
			);
			buildRules = (
			);
			dependencies = (
				02C1B6D227A268F6002D599D /* PBXTargetDependency */,
			);
			name = LimitTimerTestUITests;
			productName = LimitTimerTestUITests;
			productReference = 02C1B6D027A268F6002D599D /* LimitTimerTestUITests.xctest */;
			productType = "com.apple.product-type.bundle.ui-testing";
		};
/* End PBXNativeTarget section */

/* Begin PBXProject section */
		02C1B6AE27A268F4002D599D /* Project object */ = {
			isa = PBXProject;
			attributes = {
				BuildIndependentTargetsInParallel = 1;
				LastSwiftUpdateCheck = 1300;
				LastUpgradeCheck = 1300;
				TargetAttributes = {
					02C1B6B527A268F4002D599D = {
						CreatedOnToolsVersion = 13.0;
					};
					02C1B6C527A268F6002D599D = {
						CreatedOnToolsVersion = 13.0;
						TestTargetID = 02C1B6B527A268F4002D599D;
					};
					02C1B6CF27A268F6002D599D = {
						CreatedOnToolsVersion = 13.0;
						TestTargetID = 02C1B6B527A268F4002D599D;
					};
				};
			};
			buildConfigurationList = 02C1B6B127A268F4002D599D /* Build configuration list for PBXProject "LimitTimerTest" */;
			compatibilityVersion = "Xcode 13.0";
			developmentRegion = en;
			hasScannedForEncodings = 0;
			knownRegions = (
				en,
				Base,
			);
			mainGroup = 02C1B6AD27A268F4002D599D;
			productRefGroup = 02C1B6B727A268F4002D599D /* Products */;
			projectDirPath = "";
			projectRoot = "";
			targets = (
				02C1B6B527A268F4002D599D /* LimitTimerTest */,
				02C1B6C527A268F6002D599D /* LimitTimerTestTests */,
				02C1B6CF27A268F6002D599D /* LimitTimerTestUITests */,
			);
		};
/* End PBXProject section */

/* Begin PBXResourcesBuildPhase section */
		02C1B6B427A268F4002D599D /* Resources */ = {
			isa = PBXResourcesBuildPhase;
			buildActionMask = 2147483647;
			files = (
				02C1B6C127A268F6002D599D /* Preview Assets.xcassets in Resources */,
				02C1B6BE27A268F6002D599D /* Assets.xcassets in Resources */,
			);
			runOnlyForDeploymentPostprocessing = 0;
		};
		02C1B6C427A268F6002D599D /* Resources */ = {
			isa = PBXResourcesBuildPhase;
			buildActionMask = 2147483647;
			files = (
			);
			runOnlyForDeploymentPostprocessing = 0;
		};
		02C1B6CE27A268F6002D599D /* Resources */ = {
			isa = PBXResourcesBuildPhase;
			buildActionMask = 2147483647;
			files = (
			);
			runOnlyForDeploymentPostprocessing = 0;
		};
/* End PBXResourcesBuildPhase section */

/* Begin PBXSourcesBuildPhase section */
		02C1B6B227A268F4002D599D /* Sources */ = {
			isa = PBXSourcesBuildPhase;
			buildActionMask = 2147483647;
			files = (
				02C1B6E427A26911002D599D /* LimitTimerModel.swift in Sources */,
				02C1B6BC27A268F4002D599D /* LimitTimerView.swift in Sources */,
				02C1B6BA27A268F4002D599D /* LimitTimerTestApp.swift in Sources */,
			);
			runOnlyForDeploymentPostprocessing = 0;
		};
		02C1B6C227A268F6002D599D /* Sources */ = {
			isa = PBXSourcesBuildPhase;
			buildActionMask = 2147483647;
			files = (
				02C1B6CB27A268F6002D599D /* LimitTimerTestTests.swift in Sources */,
			);
			runOnlyForDeploymentPostprocessing = 0;
		};
		02C1B6CC27A268F6002D599D /* Sources */ = {
			isa = PBXSourcesBuildPhase;
			buildActionMask = 2147483647;
			files = (
				02C1B6D727A268F6002D599D /* LimitTimerTestUITestsLaunchTests.swift in Sources */,
				02C1B6D527A268F6002D599D /* LimitTimerTestUITests.swift in Sources */,
			);
			runOnlyForDeploymentPostprocessing = 0;
		};
/* End PBXSourcesBuildPhase section */

/* Begin PBXTargetDependency section */
		02C1B6C827A268F6002D599D /* PBXTargetDependency */ = {
			isa = PBXTargetDependency;
			target = 02C1B6B527A268F4002D599D /* LimitTimerTest */;
			targetProxy = 02C1B6C727A268F6002D599D /* PBXContainerItemProxy */;
		};
		02C1B6D227A268F6002D599D /* PBXTargetDependency */ = {
			isa = PBXTargetDependency;
			target = 02C1B6B527A268F4002D599D /* LimitTimerTest */;
			targetProxy = 02C1B6D127A268F6002D599D /* PBXContainerItemProxy */;
		};
/* End PBXTargetDependency section */

/* Begin XCBuildConfiguration section */
		02C1B6D827A268F6002D599D /* Debug */ = {
			isa = XCBuildConfiguration;
			buildSettings = {
				ALWAYS_SEARCH_USER_PATHS = NO;
				CLANG_ANALYZER_NONNULL = YES;
				CLANG_ANALYZER_NUMBER_OBJECT_CONVERSION = YES_AGGRESSIVE;
				CLANG_CXX_LANGUAGE_STANDARD = "gnu++17";
				CLANG_CXX_LIBRARY = "libc++";
				CLANG_ENABLE_MODULES = YES;
				CLANG_ENABLE_OBJC_ARC = YES;
				CLANG_ENABLE_OBJC_WEAK = YES;
				CLANG_WARN_BLOCK_CAPTURE_AUTORELEASING = YES;
				CLANG_WARN_BOOL_CONVERSION = YES;
				CLANG_WARN_COMMA = YES;
				CLANG_WARN_CONSTANT_CONVERSION = YES;
				CLANG_WARN_DEPRECATED_OBJC_IMPLEMENTATIONS = YES;
				CLANG_WARN_DIRECT_OBJC_ISA_USAGE = YES_ERROR;
				CLANG_WARN_DOCUMENTATION_COMMENTS = YES;
				CLANG_WARN_EMPTY_BODY = YES;
				CLANG_WARN_ENUM_CONVERSION = YES;
				CLANG_WARN_INFINITE_RECURSION = YES;
				CLANG_WARN_INT_CONVERSION = YES;
				CLANG_WARN_NON_LITERAL_NULL_CONVERSION = YES;
				CLANG_WARN_OBJC_IMPLICIT_RETAIN_SELF = YES;
				CLANG_WARN_OBJC_LITERAL_CONVERSION = YES;
				CLANG_WARN_OBJC_ROOT_CLASS = YES_ERROR;
				CLANG_WARN_QUOTED_INCLUDE_IN_FRAMEWORK_HEADER = YES;
				CLANG_WARN_RANGE_LOOP_ANALYSIS = YES;
				CLANG_WARN_STRICT_PROTOTYPES = YES;
				CLANG_WARN_SUSPICIOUS_MOVE = YES;
				CLANG_WARN_UNGUARDED_AVAILABILITY = YES_AGGRESSIVE;
				CLANG_WARN_UNREACHABLE_CODE = YES;
				CLANG_WARN__DUPLICATE_METHOD_MATCH = YES;
				COPY_PHASE_STRIP = NO;
				DEBUG_INFORMATION_FORMAT = dwarf;
				ENABLE_STRICT_OBJC_MSGSEND = YES;
				ENABLE_TESTABILITY = YES;
				GCC_C_LANGUAGE_STANDARD = gnu11;
				GCC_DYNAMIC_NO_PIC = NO;
				GCC_NO_COMMON_BLOCKS = YES;
				GCC_OPTIMIZATION_LEVEL = 0;
				GCC_PREPROCESSOR_DEFINITIONS = (
					"DEBUG=1",
					"$(inherited)",
				);
				GCC_WARN_64_TO_32_BIT_CONVERSION = YES;
				GCC_WARN_ABOUT_RETURN_TYPE = YES_ERROR;
				GCC_WARN_UNDECLARED_SELECTOR = YES;
				GCC_WARN_UNINITIALIZED_AUTOS = YES_AGGRESSIVE;
				GCC_WARN_UNUSED_FUNCTION = YES;
				GCC_WARN_UNUSED_VARIABLE = YES;
				IPHONEOS_DEPLOYMENT_TARGET = 15.0;
				MTL_ENABLE_DEBUG_INFO = INCLUDE_SOURCE;
				MTL_FAST_MATH = YES;
				ONLY_ACTIVE_ARCH = YES;
				SDKROOT = iphoneos;
				SWIFT_ACTIVE_COMPILATION_CONDITIONS = DEBUG;
				SWIFT_OPTIMIZATION_LEVEL = "-Onone";
			};
			name = Debug;
		};
		02C1B6D927A268F6002D599D /* Release */ = {
			isa = XCBuildConfiguration;
			buildSettings = {
				ALWAYS_SEARCH_USER_PATHS = NO;
				CLANG_ANALYZER_NONNULL = YES;
				CLANG_ANALYZER_NUMBER_OBJECT_CONVERSION = YES_AGGRESSIVE;
				CLANG_CXX_LANGUAGE_STANDARD = "gnu++17";
				CLANG_CXX_LIBRARY = "libc++";
				CLANG_ENABLE_MODULES = YES;
				CLANG_ENABLE_OBJC_ARC = YES;
				CLANG_ENABLE_OBJC_WEAK = YES;
				CLANG_WARN_BLOCK_CAPTURE_AUTORELEASING = YES;
				CLANG_WARN_BOOL_CONVERSION = YES;
				CLANG_WARN_COMMA = YES;
				CLANG_WARN_CONSTANT_CONVERSION = YES;
				CLANG_WARN_DEPRECATED_OBJC_IMPLEMENTATIONS = YES;
				CLANG_WARN_DIRECT_OBJC_ISA_USAGE = YES_ERROR;
				CLANG_WARN_DOCUMENTATION_COMMENTS = YES;
				CLANG_WARN_EMPTY_BODY = YES;
				CLANG_WARN_ENUM_CONVERSION = YES;
				CLANG_WARN_INFINITE_RECURSION = YES;
				CLANG_WARN_INT_CONVERSION = YES;
				CLANG_WARN_NON_LITERAL_NULL_CONVERSION = YES;
				CLANG_WARN_OBJC_IMPLICIT_RETAIN_SELF = YES;
				CLANG_WARN_OBJC_LITERAL_CONVERSION = YES;
				CLANG_WARN_OBJC_ROOT_CLASS = YES_ERROR;
				CLANG_WARN_QUOTED_INCLUDE_IN_FRAMEWORK_HEADER = YES;
				CLANG_WARN_RANGE_LOOP_ANALYSIS = YES;
				CLANG_WARN_STRICT_PROTOTYPES = YES;
				CLANG_WARN_SUSPICIOUS_MOVE = YES;
				CLANG_WARN_UNGUARDED_AVAILABILITY = YES_AGGRESSIVE;
				CLANG_WARN_UNREACHABLE_CODE = YES;
				CLANG_WARN__DUPLICATE_METHOD_MATCH = YES;
				COPY_PHASE_STRIP = NO;
				DEBUG_INFORMATION_FORMAT = "dwarf-with-dsym";
				ENABLE_NS_ASSERTIONS = NO;
				ENABLE_STRICT_OBJC_MSGSEND = YES;
				GCC_C_LANGUAGE_STANDARD = gnu11;
				GCC_NO_COMMON_BLOCKS = YES;
				GCC_WARN_64_TO_32_BIT_CONVERSION = YES;
				GCC_WARN_ABOUT_RETURN_TYPE = YES_ERROR;
				GCC_WARN_UNDECLARED_SELECTOR = YES;
				GCC_WARN_UNINITIALIZED_AUTOS = YES_AGGRESSIVE;
				GCC_WARN_UNUSED_FUNCTION = YES;
				GCC_WARN_UNUSED_VARIABLE = YES;
				IPHONEOS_DEPLOYMENT_TARGET = 15.0;
				MTL_ENABLE_DEBUG_INFO = NO;
				MTL_FAST_MATH = YES;
				SDKROOT = iphoneos;
				SWIFT_COMPILATION_MODE = wholemodule;
				SWIFT_OPTIMIZATION_LEVEL = "-O";
				VALIDATE_PRODUCT = YES;
			};
			name = Release;
		};
		02C1B6DB27A268F6002D599D /* Debug */ = {
			isa = XCBuildConfiguration;
			buildSettings = {
				ASSETCATALOG_COMPILER_APPICON_NAME = AppIcon;
				ASSETCATALOG_COMPILER_GLOBAL_ACCENT_COLOR_NAME = AccentColor;
				CODE_SIGN_STYLE = Automatic;
				CURRENT_PROJECT_VERSION = 1;
				DEVELOPMENT_ASSET_PATHS = "\"LimitTimerTest/Preview Content\"";
				DEVELOPMENT_TEAM = 96876GLFNC;
				ENABLE_PREVIEWS = YES;
				GENERATE_INFOPLIST_FILE = YES;
				INFOPLIST_KEY_UIApplicationSceneManifest_Generation = YES;
				INFOPLIST_KEY_UIApplicationSupportsIndirectInputEvents = YES;
				INFOPLIST_KEY_UILaunchScreen_Generation = YES;
				INFOPLIST_KEY_UISupportedInterfaceOrientations_iPad = "UIInterfaceOrientationPortrait UIInterfaceOrientationPortraitUpsideDown UIInterfaceOrientationLandscapeLeft UIInterfaceOrientationLandscapeRight";
				INFOPLIST_KEY_UISupportedInterfaceOrientations_iPhone = "UIInterfaceOrientationPortrait UIInterfaceOrientationLandscapeLeft UIInterfaceOrientationLandscapeRight";
				IPHONEOS_DEPLOYMENT_TARGET = 14.0;
				LD_RUNPATH_SEARCH_PATHS = (
					"$(inherited)",
					"@executable_path/Frameworks",
				);
				MARKETING_VERSION = 1.0;
				PRODUCT_BUNDLE_IDENTIFIER = com.kuruma42.LimitTimerTest;
				PRODUCT_NAME = "$(TARGET_NAME)";
				SWIFT_EMIT_LOC_STRINGS = YES;
				SWIFT_VERSION = 5.0;
				TARGETED_DEVICE_FAMILY = "1,2";
			};
			name = Debug;
		};
		02C1B6DC27A268F6002D599D /* Release */ = {
			isa = XCBuildConfiguration;
			buildSettings = {
				ASSETCATALOG_COMPILER_APPICON_NAME = AppIcon;
				ASSETCATALOG_COMPILER_GLOBAL_ACCENT_COLOR_NAME = AccentColor;
				CODE_SIGN_STYLE = Automatic;
				CURRENT_PROJECT_VERSION = 1;
				DEVELOPMENT_ASSET_PATHS = "\"LimitTimerTest/Preview Content\"";
				DEVELOPMENT_TEAM = 96876GLFNC;
				ENABLE_PREVIEWS = YES;
				GENERATE_INFOPLIST_FILE = YES;
				INFOPLIST_KEY_UIApplicationSceneManifest_Generation = YES;
				INFOPLIST_KEY_UIApplicationSupportsIndirectInputEvents = YES;
				INFOPLIST_KEY_UILaunchScreen_Generation = YES;
				INFOPLIST_KEY_UISupportedInterfaceOrientations_iPad = "UIInterfaceOrientationPortrait UIInterfaceOrientationPortraitUpsideDown UIInterfaceOrientationLandscapeLeft UIInterfaceOrientationLandscapeRight";
				INFOPLIST_KEY_UISupportedInterfaceOrientations_iPhone = "UIInterfaceOrientationPortrait UIInterfaceOrientationLandscapeLeft UIInterfaceOrientationLandscapeRight";
				IPHONEOS_DEPLOYMENT_TARGET = 14.0;
				LD_RUNPATH_SEARCH_PATHS = (
					"$(inherited)",
					"@executable_path/Frameworks",
				);
				MARKETING_VERSION = 1.0;
				PRODUCT_BUNDLE_IDENTIFIER = com.kuruma42.LimitTimerTest;
				PRODUCT_NAME = "$(TARGET_NAME)";
				SWIFT_EMIT_LOC_STRINGS = YES;
				SWIFT_VERSION = 5.0;
				TARGETED_DEVICE_FAMILY = "1,2";
			};
			name = Release;
		};
		02C1B6DE27A268F6002D599D /* Debug */ = {
			isa = XCBuildConfiguration;
			buildSettings = {
				ALWAYS_EMBED_SWIFT_STANDARD_LIBRARIES = YES;
				BUNDLE_LOADER = "$(TEST_HOST)";
				CODE_SIGN_STYLE = Automatic;
				CURRENT_PROJECT_VERSION = 1;
				DEVELOPMENT_TEAM = 96876GLFNC;
				GENERATE_INFOPLIST_FILE = YES;
				IPHONEOS_DEPLOYMENT_TARGET = 14.0;
				LD_RUNPATH_SEARCH_PATHS = (
					"$(inherited)",
					"@executable_path/Frameworks",
					"@loader_path/Frameworks",
				);
				MARKETING_VERSION = 1.0;
				PRODUCT_BUNDLE_IDENTIFIER = com.kuruma42.LimitTimerTestTests;
				PRODUCT_NAME = "$(TARGET_NAME)";
				SWIFT_EMIT_LOC_STRINGS = NO;
				SWIFT_VERSION = 5.0;
				TARGETED_DEVICE_FAMILY = "1,2";
				TEST_HOST = "$(BUILT_PRODUCTS_DIR)/LimitTimerTest.app/LimitTimerTest";
			};
			name = Debug;
		};
		02C1B6DF27A268F6002D599D /* Release */ = {
			isa = XCBuildConfiguration;
			buildSettings = {
				ALWAYS_EMBED_SWIFT_STANDARD_LIBRARIES = YES;
				BUNDLE_LOADER = "$(TEST_HOST)";
				CODE_SIGN_STYLE = Automatic;
				CURRENT_PROJECT_VERSION = 1;
				DEVELOPMENT_TEAM = 96876GLFNC;
				GENERATE_INFOPLIST_FILE = YES;
				IPHONEOS_DEPLOYMENT_TARGET = 14.0;
				LD_RUNPATH_SEARCH_PATHS = (
					"$(inherited)",
					"@executable_path/Frameworks",
					"@loader_path/Frameworks",
				);
				MARKETING_VERSION = 1.0;
				PRODUCT_BUNDLE_IDENTIFIER = com.kuruma42.LimitTimerTestTests;
				PRODUCT_NAME = "$(TARGET_NAME)";
				SWIFT_EMIT_LOC_STRINGS = NO;
				SWIFT_VERSION = 5.0;
				TARGETED_DEVICE_FAMILY = "1,2";
				TEST_HOST = "$(BUILT_PRODUCTS_DIR)/LimitTimerTest.app/LimitTimerTest";
			};
			name = Release;
		};
		02C1B6E127A268F6002D599D /* Debug */ = {
			isa = XCBuildConfiguration;
			buildSettings = {
				ALWAYS_EMBED_SWIFT_STANDARD_LIBRARIES = YES;
				CODE_SIGN_STYLE = Automatic;
				CURRENT_PROJECT_VERSION = 1;
				DEVELOPMENT_TEAM = 96876GLFNC;
				GENERATE_INFOPLIST_FILE = YES;
				LD_RUNPATH_SEARCH_PATHS = (
					"$(inherited)",
					"@executable_path/Frameworks",
					"@loader_path/Frameworks",
				);
				MARKETING_VERSION = 1.0;
				PRODUCT_BUNDLE_IDENTIFIER = com.kuruma42.LimitTimerTestUITests;
				PRODUCT_NAME = "$(TARGET_NAME)";
				SWIFT_EMIT_LOC_STRINGS = NO;
				SWIFT_VERSION = 5.0;
				TARGETED_DEVICE_FAMILY = "1,2";
				TEST_TARGET_NAME = LimitTimerTest;
			};
			name = Debug;
		};
		02C1B6E227A268F6002D599D /* Release */ = {
			isa = XCBuildConfiguration;
			buildSettings = {
				ALWAYS_EMBED_SWIFT_STANDARD_LIBRARIES = YES;
				CODE_SIGN_STYLE = Automatic;
				CURRENT_PROJECT_VERSION = 1;
				DEVELOPMENT_TEAM = 96876GLFNC;
				GENERATE_INFOPLIST_FILE = YES;
				LD_RUNPATH_SEARCH_PATHS = (
					"$(inherited)",
					"@executable_path/Frameworks",
					"@loader_path/Frameworks",
				);
				MARKETING_VERSION = 1.0;
				PRODUCT_BUNDLE_IDENTIFIER = com.kuruma42.LimitTimerTestUITests;
				PRODUCT_NAME = "$(TARGET_NAME)";
				SWIFT_EMIT_LOC_STRINGS = NO;
				SWIFT_VERSION = 5.0;
				TARGETED_DEVICE_FAMILY = "1,2";
				TEST_TARGET_NAME = LimitTimerTest;
			};
			name = Release;
		};
/* End XCBuildConfiguration section */

/* Begin XCConfigurationList section */
		02C1B6B127A268F4002D599D /* Build configuration list for PBXProject "LimitTimerTest" */ = {
			isa = XCConfigurationList;
			buildConfigurations = (
				02C1B6D827A268F6002D599D /* Debug */,
				02C1B6D927A268F6002D599D /* Release */,
			);
			defaultConfigurationIsVisible = 0;
			defaultConfigurationName = Release;
		};
		02C1B6DA27A268F6002D599D /* Build configuration list for PBXNativeTarget "LimitTimerTest" */ = {
			isa = XCConfigurationList;
			buildConfigurations = (
				02C1B6DB27A268F6002D599D /* Debug */,
				02C1B6DC27A268F6002D599D /* Release */,
			);
			defaultConfigurationIsVisible = 0;
			defaultConfigurationName = Release;
		};
		02C1B6DD27A268F6002D599D /* Build configuration list for PBXNativeTarget "LimitTimerTestTests" */ = {
			isa = XCConfigurationList;
			buildConfigurations = (
				02C1B6DE27A268F6002D599D /* Debug */,
				02C1B6DF27A268F6002D599D /* Release */,
			);
			defaultConfigurationIsVisible = 0;
			defaultConfigurationName = Release;
		};
		02C1B6E027A268F6002D599D /* Build configuration list for PBXNativeTarget "LimitTimerTestUITests" */ = {
			isa = XCConfigurationList;
			buildConfigurations = (
				02C1B6E127A268F6002D599D /* Debug */,
				02C1B6E227A268F6002D599D /* Release */,
			);
			defaultConfigurationIsVisible = 0;
			defaultConfigurationName = Release;
		};
/* End XCConfigurationList section */
	};
	rootObject = 02C1B6AE27A268F4002D599D /* Project object */;
}
